PATH
  remote: .
  specs:
    cmdk-phlex (0.1.0)
      phlex (>= 2.0, < 3)

GEM
  remote: https://rubygems.org/
  specs:
    drb (2.2.3)
    minitest (6.0.6)
      drb (~> 2.0)
      prism (~> 1.5)
    nio4r (2.7.5)
    phlex (2.4.1)
      refract (~> 1.0)
      zeitwerk (~> 2.7)
    prism (1.9.0)
    puma (8.0.2)
      nio4r (~> 2.0)
    rack (3.2.6)
    rackup (2.3.1)
      rack (>= 3)
    rake (13.4.2)
    refract (1.1.0)
      prism
      zeitwerk
    tailwindcss-ruby (4.3.0)
    tailwindcss-ruby (4.3.0-aarch64-linux-gnu)
    tailwindcss-ruby (4.3.0-aarch64-linux-musl)
    tailwindcss-ruby (4.3.0-arm64-darwin)
    tailwindcss-ruby (4.3.0-x86_64-darwin)
    tailwindcss-ruby (4.3.0-x86_64-linux-gnu)
    tailwindcss-ruby (4.3.0-x86_64-linux-musl)
    zeitwerk (2.8.2)

PLATFORMS
  aarch64-linux-gnu
  aarch64-linux-musl
  arm64-darwin
  ruby
  x86_64-darwin
  x86_64-linux-gnu
  x86_64-linux-musl

DEPENDENCIES
  cmdk-phlex!
  minitest
  puma
  rack
  rackup
  rake
  tailwindcss-ruby

CHECKSUMS
  cmdk-phlex (0.1.0)
  drb (2.2.3) sha256=0b00d6fdb50995fe4a45dea13663493c841112e4068656854646f418fda13373
  minitest (6.0.6) sha256=153ea36d1d987a62942382b61075745042a2b3123b1cd48f4c3675af9cc7d6f1
  nio4r (2.7.5) sha256=6c90168e48fb5f8e768419c93abb94ba2b892a1d0602cb06eef16d8b7df1dca1
  phlex (2.4.1) sha256=e596717fbfe38b5271840266758779ebe75092e02629f0c170287e6290a70b12
  prism (1.9.0) sha256=7b530c6a9f92c24300014919c9dcbc055bf4cdf51ec30aed099b06cd6674ef85
  puma (8.0.2) sha256=c8ed871dfbbe66448ea9ffd46692342d9804d4071522b52b5331b7b6e7b686fb
  rack (3.2.6) sha256=5ed78e1f73b2e25679bec7d45ee2d4483cc4146eb1be0264fc4d94cb5ef212c2
  rackup (2.3.1) sha256=6c79c26753778e90983761d677a48937ee3192b3ffef6bc963c0950f94688868
  rake (13.4.2) sha256=cb825b2bd5f1f8e91ca37bddb4b9aaf345551b4731da62949be002fa89283701
  refract (1.1.0) sha256=ee3b9627e39f7692831101e2fedd73e0d09a592ff5d5c05f171d14211fc7a9c7
  tailwindcss-ruby (4.3.0) sha256=4fd3219d97419d2b4f8c0f52c8a73972e55e29a0e0da38fb5fe8a16bf1a68b51
  tailwindcss-ruby (4.3.0-aarch64-linux-gnu) sha256=e43b94aba29785bba71b5868bab29b63ae48911fee038b2b5e9e5148baca3886
  tailwindcss-ruby (4.3.0-aarch64-linux-musl) sha256=ae2aff1e8482a9ba8723b57fbfa50cbf009788587ca9763f00489f3c5639e6ef
  tailwindcss-ruby (4.3.0-arm64-darwin) sha256=828f49ddb3f19f67b36a1c5cb5c25175f7c93619a2ecf66e95d74408db9b73fd
  tailwindcss-ruby (4.3.0-x86_64-darwin) sha256=f1e4c58ff7b1c256d8a8e5ee4fd01252c963e04110104ea1772668e04660a5bd
  tailwindcss-ruby (4.3.0-x86_64-linux-gnu) sha256=0d1b0f491990c735d2f7bf5dbaedf33ddc635fd800b7244b39b30b25a8616cb2
  tailwindcss-ruby (4.3.0-x86_64-linux-musl) sha256=71e83a3f5f40e1cd7c28e7e6328a9c899cb2c0c98f6b42f29de968fff221ef75
  zeitwerk (2.8.2) sha256=7212a61311083c604184b1ea2574b9aa05cd14f855a0841c06985cabe9181d12

BUNDLED WITH
  4.0.10
